{
  "version": "5",
  "specifiers": {
    "npm:@octokit/auth-app@7.2.2": "7.2.2",
    "npm:@supabase/supabase-js@2.114.0": "2.114.0",
    "npm:yaml@2.9.0": "2.9.0"
  },
  "npm": {
    "@octokit/auth-app@7.2.2": {
      "integrity": "sha512-p6hJtEyQDCJEPN9ijjhEC/kpFHMHN4Gca9r+8S0S8EJi7NaWftaEmexjxxpT1DFBeJpN4u/5RE22ArnyypupJw==",
      "dependencies": [
        "@octokit/auth-oauth-app",
        "@octokit/auth-oauth-user",
        "@octokit/request",
        "@octokit/request-error",
        "@octokit/types",
        "toad-cache",
        "universal-github-app-jwt",
        "universal-user-agent"
      ]
    },
    "@octokit/auth-oauth-app@8.1.4": {
      "integrity": "sha512-71iBa5SflSXcclk/OL3lJzdt4iFs56OJdpBGEBl1wULp7C58uiswZLV6TdRaiAzHP1LT8ezpbHlKuxADb+4NkQ==",
      "dependencies": [
        "@octokit/auth-oauth-device",
        "@octokit/auth-oauth-user",
        "@octokit/request",
        "@octokit/types",
        "universal-user-agent"
      ]
    },
    "@octokit/auth-oauth-device@7.1.5": {
      "integrity": "sha512-lR00+k7+N6xeECj0JuXeULQ2TSBB/zjTAmNF2+vyGPDEFx1dgk1hTDmL13MjbSmzusuAmuJD8Pu39rjp9jH6yw==",
      "dependencies": [
        "@octokit/oauth-methods",
        "@octokit/request",
        "@octokit/types",
        "universal-user-agent"
      ]
    },
    "@octokit/auth-oauth-user@5.1.6": {
      "integrity": "sha512-/R8vgeoulp7rJs+wfJ2LtXEVC7pjQTIqDab7wPKwVG6+2v/lUnCOub6vaHmysQBbb45FknM3tbHW8TOVqYHxCw==",
      "dependencies": [
        "@octokit/auth-oauth-device",
        "@octokit/oauth-methods",
        "@octokit/request",
        "@octokit/types",
        "universal-user-agent"
      ]
    },
    "@octokit/endpoint@10.1.4": {
      "integrity": "sha512-OlYOlZIsfEVZm5HCSR8aSg02T2lbUWOsCQoPKfTXJwDzcHQBrVBGdGXb89dv2Kw2ToZaRtudp8O3ZIYoaOjKlA==",
      "dependencies": [
        "@octokit/types",
        "universal-user-agent"
      ]
    },
    "@octokit/oauth-authorization-url@7.1.1": {
      "integrity": "sha512-ooXV8GBSabSWyhLUowlMIVd9l1s2nsOGQdlP2SQ4LnkEsGXzeCvbSbCPdZThXhEFzleGPwbapT0Sb+YhXRyjCA=="
    },
    "@octokit/oauth-methods@5.1.5": {
      "integrity": "sha512-Ev7K8bkYrYLhoOSZGVAGsLEscZQyq7XQONCBBAl2JdMg7IT3PQn/y8P0KjloPoYpI5UylqYrLeUcScaYWXwDvw==",
      "dependencies": [
        "@octokit/oauth-authorization-url",
        "@octokit/request",
        "@octokit/request-error",
        "@octokit/types"
      ]
    },
    "@octokit/openapi-types@25.1.0": {
      "integrity": "sha512-idsIggNXUKkk0+BExUn1dQ92sfysJrje03Q0bv0e+KPLrvyqZF8MnBpFz8UNfYDwB3Ie7Z0TByjWfzxt7vseaA=="
    },
    "@octokit/request-error@6.1.8": {
      "integrity": "sha512-WEi/R0Jmq+IJKydWlKDmryPcmdYSVjL3ekaiEL1L9eo1sUnqMJ+grqmC9cjk7CA7+b2/T397tO5d8YLOH3qYpQ==",
      "dependencies": [
        "@octokit/types"
      ]
    },
    "@octokit/request@9.2.4": {
      "integrity": "sha512-q8ybdytBmxa6KogWlNa818r0k1wlqzNC+yNkcQDECHvQo8Vmstrg18JwqJHdJdUiHD2sjlwBgSm9kHkOKe2iyA==",
      "dependencies": [
        "@octokit/endpoint",
        "@octokit/request-error",
        "@octokit/types",
        "fast-content-type-parse",
        "universal-user-agent"
      ]
    },
    "@octokit/types@14.1.0": {
      "integrity": "sha512-1y6DgTy8Jomcpu33N+p5w58l6xyt55Ar2I91RPiIA0xCJBXyUAhXCcmZaDWSANiha7R9a6qJJ2CRomGPZ6f46g==",
      "dependencies": [
        "@octokit/openapi-types"
      ]
    },
    "@supabase/auth-js@2.114.0": {
      "integrity": "sha512-7pdAE31YHynM1b2rbrbVtQc4ug5LcUvATe9u3EazlCZMY6jar7Z5JHJlj7/qcO5Z6KAYT26sTr5mvVHePeuC/g==",
      "dependencies": [
        "tslib"
      ]
    },
    "@supabase/functions-js@2.114.0": {
      "integrity": "sha512-N3hzlq2xr6IYkkgj0tC4j0U3LWVshr5U/DAvmD5Bu8bW1ne2XOwxOx3ps6Y3NbptBAlzDrezmeJevlZR4AqsLA==",
      "dependencies": [
        "tslib"
      ]
    },
    "@supabase/phoenix@0.4.5": {
      "integrity": "sha512-aAn9H9ovVyeApKy11OWOrrOGq8DV68yWeH4ud2lN9fzn4aO8Zb5GLL9m1pUg9nLqIcT+ZDfAcsZe0E/nqdv2lw=="
    },
    "@supabase/postgrest-js@2.114.0": {
      "integrity": "sha512-yKAe5Tc47+LLm6YU1OAHWqwkxidlnl/vHDMHx+VANcUaeMfNzDKrXTUuZ5BKCGM4+1gJWm/U3n4W+2aRn8d8dA==",
      "dependencies": [
        "tslib"
      ]
    },
    "@supabase/realtime-js@2.114.0": {
      "integrity": "sha512-gSkuQrM/etAlUnw9YMDA2e+iNMCLezf0IHyOzmetOqy9KPsGe2C3puTd/4xalirnko+p3BEykFVliHaY2yXVrw==",
      "dependencies": [
        "@supabase/phoenix",
        "tslib"
      ]
    },
    "@supabase/storage-js@2.114.0": {
      "integrity": "sha512-leK7YsDVqIKd9hQRJeK03QRZ8Slg2JExmNIj+BL7dkD3m+ZNREJ7ITQdrc7VhNhh8+Eb/ebm1Ts4AOoY4LFSiA==",
      "dependencies": [
        "iceberg-js",
        "tslib"
      ]
    },
    "@supabase/supabase-js@2.114.0": {
      "integrity": "sha512-uvmqk2yxVp77c/LjWzJaw1/HId+2a3sck4idbBy3nOTro36l7nVcHdT/XENHj7Fi/IJAvAsJrTSgTEegbYTxvQ==",
      "dependencies": [
        "@supabase/auth-js",
        "@supabase/functions-js",
        "@supabase/postgrest-js",
        "@supabase/realtime-js",
        "@supabase/storage-js"
      ]
    },
    "fast-content-type-parse@2.0.1": {
      "integrity": "sha512-nGqtvLrj5w0naR6tDPfB4cUmYCqouzyQiz6C5y/LtcDllJdrcc6WaWW6iXyIIOErTa/XRybj28aasdn4LkVk6Q=="
    },
    "iceberg-js@0.8.1": {
      "integrity": "sha512-1dhVQZXhcHje7798IVM+xoo/1ZdVfzOMIc8/rgVSijRK38EDqOJoGula9N/8ZI5RD8QTxNQtK/Gozpr+qUqRRA=="
    },
    "toad-cache@3.7.4": {
      "integrity": "sha512-m1TdR/rvT7kgGJZhspNtXdsdYk0fddFpJJFlG5s+UkPFo6lkLoZ3YLOaovPYjq1R75NP5JfeTlSHaOsE09peCg=="
    },
    "tslib@2.8.1": {
      "integrity": "sha512-oJFu94HQb+KVduSUQL7wnpmqnfmLsOA/nAh6b6EH0wCEoK0/mPeXU6c3wKDV83MkOuHPRHtSXKKU99IBazS/2w=="
    },
    "universal-github-app-jwt@2.2.2": {
      "integrity": "sha512-dcmbeSrOdTnsjGjUfAlqNDJrhxXizjAz94ija9Qw8YkZ1uu0d+GoZzyH+Jb9tIIqvGsadUfwg+22k5aDqqwzbw=="
    },
    "universal-user-agent@7.0.3": {
      "integrity": "sha512-TmnEAEAsBJVZM/AADELsK76llnwcf9vMKuPz8JflO1frO8Lchitr0fNaN9d+Ap0BjKtqWqd/J17qeDnXh8CL2A=="
    },
    "yaml@2.9.0": {
      "integrity": "sha512-2AvhNX3mb8zd6Zy7INTtSpl1F15HW6Wnqj0srWlkKLcpYl/gMIMJiyuGq2KeI2YFxUPjdlB+3Lc10seMLtL4cA==",
      "bin": true
    }
  }
}
